
Microsoft Visual Studio Solution File, Format Version 12.00
# Visual Studio Version 17
VisualStudioVersion = 17.9.34728.123
MinimumVisualStudioVersion = 10.0.40219.1
Project("{FAE04EC0-301F-11D3-BF4B-00C04F79EFBC}") = "200555528", "200555528\200555528.csproj", "{0EA023CB-DA59-44FE-B357-4B6671D9D7A3}"
EndProject
Global
	GlobalSection(SolutionConfigurationPlatforms) = preSolution
		Debug|Any CPU = Debug|Any CPU
		Release|Any CPU = Release|Any CPU
	EndGlobalSection
	GlobalSection(ProjectConfigurationPlatforms) = postSolution
		{0EA023CB-DA59-44FE-B357-4B6671D9D7A3}.Debug|Any CPU.ActiveCfg = Debug|Any CPU
		{0EA023CB-DA59-44FE-B357-4B6671D9D7A3}.Debug|Any CPU.Build.0 = Debug|Any CPU
		{0EA023CB-DA59-44FE-B357-4B6671D9D7A3}.Release|Any CPU.ActiveCfg = Release|Any CPU
		{0EA023CB-DA59-44FE-B357-4B6671D9D7A3}.Release|Any CPU.Build.0 = Release|Any CPU
	EndGlobalSection
	GlobalSection(SolutionProperties) = preSolution
		HideSolutionNode = FALSE
	EndGlobalSection
	GlobalSection(ExtensibilityGlobals) = postSolution
		SolutionGuid = {30FCECF8-2ED1-4591-B59F-CBE8759D48AC}
	EndGlobalSection
EndGlobal
